
Microsoft Visual Studio Solution File, Format Version 12.00
# Visual Studio 2013
VisualStudioVersion = 12.0.21005.1
MinimumVisualStudioVersion = 10.0.40219.1
Project("{FAE04EC0-301F-11D3-BF4B-00C04F79EFBC}") = "AccountOperation", "AccountOperation\AccountOperation.csproj", "{A0A246B0-D0A8-48C3-AC29-0AA6045B7174}"
EndProject
Global
	GlobalSection(SolutionConfigurationPlatforms) = preSolution
		Debug|Any CPU = Debug|Any CPU
		Release|Any CPU = Release|Any CPU
	EndGlobalSection
	GlobalSection(ProjectConfigurationPlatforms) = postSolution
		{A0A246B0-D0A8-48C3-AC29-0AA6045B7174}.Debug|Any CPU.ActiveCfg = Debug|Any CPU
		{A0A246B0-D0A8-48C3-AC29-0AA6045B7174}.Debug|Any CPU.Build.0 = Debug|Any CPU
		{A0A246B0-D0A8-48C3-AC29-0AA6045B7174}.Release|Any CPU.ActiveCfg = Release|Any CPU
		{A0A246B0-D0A8-48C3-AC29-0AA6045B7174}.Release|Any CPU.Build.0 = Release|Any CPU
	EndGlobalSection
	GlobalSection(SolutionProperties) = preSolution
		HideSolutionNode = FALSE
	EndGlobalSection
EndGlobal
